
Microsoft Visual Studio Solution File, Format Version 12.00
# Visual Studio 15
VisualStudioVersion = 15.0.27130.2020
MinimumVisualStudioVersion = 10.0.40219.1
Project("{FAE04EC0-301F-11D3-BF4B-00C04F79EFBC}") = "CatStore", "CatStore\CatStore.csproj", "{F3DDADAF-B56F-4EE4-AE64-2F442888DC30}"
EndProject
Project("{FAE04EC0-301F-11D3-BF4B-00C04F79EFBC}") = "CatStore.DAL", "CatStore.DAL\CatStore.DAL.csproj", "{EBC10647-0631-44D4-B554-0C32D8AE774B}"
EndProject
Project("{FAE04EC0-301F-11D3-BF4B-00C04F79EFBC}") = "CatStore.BLL", "CatStore.BLL\CatStore.BLL.csproj", "{7C9B93D5-5047-4CBA-8DF6-AD773A1E8E0F}"
EndProject
Global
	GlobalSection(SolutionConfigurationPlatforms) = preSolution
		Debug|Any CPU = Debug|Any CPU
		Release|Any CPU = Release|Any CPU
	EndGlobalSection
	GlobalSection(ProjectConfigurationPlatforms) = postSolution
		{F3DDADAF-B56F-4EE4-AE64-2F442888DC30}.Debug|Any CPU.ActiveCfg = Debug|Any CPU
		{F3DDADAF-B56F-4EE4-AE64-2F442888DC30}.Debug|Any CPU.Build.0 = Debug|Any CPU
		{F3DDADAF-B56F-4EE4-AE64-2F442888DC30}.Release|Any CPU.ActiveCfg = Release|Any CPU
		{F3DDADAF-B56F-4EE4-AE64-2F442888DC30}.Release|Any CPU.Build.0 = Release|Any CPU
		{EBC10647-0631-44D4-B554-0C32D8AE774B}.Debug|Any CPU.ActiveCfg = Debug|Any CPU
		{EBC10647-0631-44D4-B554-0C32D8AE774B}.Debug|Any CPU.Build.0 = Debug|Any CPU
		{EBC10647-0631-44D4-B554-0C32D8AE774B}.Release|Any CPU.ActiveCfg = Release|Any CPU
		{EBC10647-0631-44D4-B554-0C32D8AE774B}.Release|Any CPU.Build.0 = Release|Any CPU
		{7C9B93D5-5047-4CBA-8DF6-AD773A1E8E0F}.Debug|Any CPU.ActiveCfg = Debug|Any CPU
		{7C9B93D5-5047-4CBA-8DF6-AD773A1E8E0F}.Debug|Any CPU.Build.0 = Debug|Any CPU
		{7C9B93D5-5047-4CBA-8DF6-AD773A1E8E0F}.Release|Any CPU.ActiveCfg = Release|Any CPU
		{7C9B93D5-5047-4CBA-8DF6-AD773A1E8E0F}.Release|Any CPU.Build.0 = Release|Any CPU
	EndGlobalSection
	GlobalSection(SolutionProperties) = preSolution
		HideSolutionNode = FALSE
	EndGlobalSection
	GlobalSection(ExtensibilityGlobals) = postSolution
		SolutionGuid = {A222405F-F723-46F8-A8D1-B3F2B56ABA47}
	EndGlobalSection
EndGlobal
